<?xml version="1.0" encoding="utf-8"?>
<Project ToolsVersion="4.0" xmlns="http://schemas.microsoft.com/developer/msbuild/2003">
  <ItemGroup>
    <Filter Include="Configuration">
      <UniqueIdentifier>{f5fc6a1f-afcd-4e0e-999a-4740cb3500c2}</UniqueIdentifier>
    </Filter>
    <Filter Include="Data">
      <UniqueIdentifier>{f2ee1441-75fc-48c0-baec-44f7ad5f153f}</UniqueIdentifier>
    </Filter>
    <Filter Include="32 bit code">
      <UniqueIdentifier>{05819406-8f59-4c3a-a88d-6638e01bd070}</UniqueIdentifier>
    </Filter>
    <Filter Include="16 bit code">
      <UniqueIdentifier>{4FC737F1-C7A5-4376-A066-2A32D752A2FF}</UniqueIdentifier>
      <Extensions>cpp;c;cc;cxx;def;odl;idl;hpj;bat;asm;asmx</Extensions>
    </Filter>
    <Filter Include="64 bit code">
      <UniqueIdentifier>{1f5ef5e6-1cd9-452e-b6d1-e803a1a2e812}</UniqueIdentifier>
    </Filter>
    <Filter Include="DMMI Client">
      <UniqueIdentifier>{3d1fb20d-d4c2-4578-9778-ec0c4531a433}</UniqueIdentifier>
    </Filter>
    <Filter Include="DPMI Client">
      <UniqueIdentifier>{19c81409-b80e-4267-80bc-95d0f74ac19d}</UniqueIdentifier>
    </Filter>
    <Filter Include="VDebug">
      <UniqueIdentifier>{0d5a1d9a-c2fb-4445-a6d7-4676170147c1}</UniqueIdentifier>
    </Filter>
    <Filter Include="MDebug">
      <UniqueIdentifier>{7f2ca36e-0cd5-4db7-ae28-3f94f4eb6f98}</UniqueIdentifier>
    </Filter>
    <Filter Include="Debuggee">
      <UniqueIdentifier>{189d96b4-2842-4505-805a-815b3b66bbd4}</UniqueIdentifier>
    </Filter>
    <Filter Include="Switcher">
      <UniqueIdentifier>{3d37bfd1-8ba1-4f5b-b5f5-5a30a1334465}</UniqueIdentifier>
    </Filter>
  </ItemGroup>
  <ItemGroup>
    <CustomBuild Include="entry.asm">
      <Filter>16 bit code</Filter>
    </CustomBuild>
  </ItemGroup>
  <ItemGroup>
    <None Include="code16.asm">
      <Filter>16 bit code</Filter>
    </None>
    <None Include="a20.asm">
      <Filter>16 bit code</Filter>
    </None>
    <None Include="gdt.asm">
      <Filter>16 bit code</Filter>
    </None>
    <None Include="idt.asm">
      <Filter>16 bit code</Filter>
    </None>
    <None Include="bochsrc.bxrc">
      <Filter>Configuration</Filter>
    </None>
    <None Include="build.bat">
      <Filter>Configuration</Filter>
    </None>
    <None Include="data16.asm">
      <Filter>Data</Filter>
    </None>
    <None Include="data32.asm">
      <Filter>Data</Filter>
    </None>
    <None Include="data64.asm">
      <Filter>Data</Filter>
    </None>
    <None Include="struct.asm">
      <Filter>Data</Filter>
    </None>
    <None Include="Readme.md">
      <Filter>Configuration</Filter>
    </None>
    <None Include="iso.ps1">
      <Filter>Configuration</Filter>
    </None>
    <None Include="vm.vmx">
      <Filter>Configuration</Filter>
    </None>
    <None Include="code32.asm">
      <Filter>32 bit code</Filter>
    </None>
    <None Include="code64.asm">
      <Filter>64 bit code</Filter>
    </None>
    <None Include="stack16.asm">
      <Filter>Data</Filter>
    </None>
    <None Include="stack32.asm">
      <Filter>Data</Filter>
    </None>
    <None Include="stack64.asm">
      <Filter>Data</Filter>
    </None>
    <None Include="page32.asm">
      <Filter>32 bit code</Filter>
    </None>
    <None Include="startvbox.bat">
      <Filter>Configuration</Filter>
    </None>
    <None Include="startvmware.bat">
      <Filter>Configuration</Filter>
    </None>
    <None Include="startbochs.bat">
      <Filter>Configuration</Filter>
    </None>
    <None Include="asmtest.vbox">
      <Filter>Configuration</Filter>
    </None>
    <None Include="acpi16.asm">
      <Filter>16 bit code</Filter>
    </None>
    <None Include="unreal.asm">
      <Filter>16 bit code</Filter>
    </None>
    <None Include="mutex16.asm">
      <Filter>16 bit code</Filter>
    </None>
    <None Include="thread16.asm">
      <Filter>16 bit code</Filter>
    </None>
    <None Include="config.asm">
      <Filter>Configuration</Filter>
    </None>
    <None Include="acpi32.asm">
      <Filter>32 bit code</Filter>
    </None>
    <None Include="mutex32.asm">
      <Filter>32 bit code</Filter>
    </None>
    <None Include="mutex64.asm">
      <Filter>64 bit code</Filter>
    </None>
    <None Include="acpi64.asm">
      <Filter>64 bit code</Filter>
    </None>
    <None Include="dos32.asm">
      <Filter>16 bit code</Filter>
    </None>
    <None Include="thread32.asm">
      <Filter>32 bit code</Filter>
    </None>
    <None Include="thread64.asm">
      <Filter>64 bit code</Filter>
    </None>
    <None Include="page16.asm">
      <Filter>16 bit code</Filter>
    </None>
    <None Include="guest16.asm">
      <Filter>16 bit code</Filter>
    </None>
    <None Include="guest32.asm">
      <Filter>32 bit code</Filter>
    </None>
    <None Include="vmxhost64.asm">
      <Filter>64 bit code</Filter>
    </None>
    <None Include="int16.asm">
      <Filter>16 bit code</Filter>
    </None>
    <None Include="dmmic.asm">
      <Filter>DMMI Client</Filter>
    </None>
    <None Include="int32.asm">
      <Filter>32 bit code</Filter>
    </None>
    <None Include="himem16.asm">
      <Filter>16 bit code</Filter>
    </None>
    <None Include="int64.asm">
      <Filter>64 bit code</Filter>
    </None>
    <None Include="directlong.asm">
      <Filter>16 bit code</Filter>
    </None>
    <None Include="guest64.asm">
      <Filter>64 bit code</Filter>
    </None>
    <None Include="lemain.asm">
      <Filter>DPMI Client</Filter>
    </None>
    <None Include="leheader.asm">
      <Filter>DPMI Client</Filter>
    </None>
    <None Include="opcodes.asm">
      <Filter>16 bit code</Filter>
    </None>
    <None Include="vdebug.asm">
      <Filter>VDebug</Filter>
    </None>
    <None Include="vdebug64.asm">
      <Filter>VDebug</Filter>
    </None>
    <None Include="debuggee.asm">
      <Filter>Debuggee</Filter>
    </None>
    <None Include="mdebug.asm">
      <Filter>MDebug</Filter>
    </None>
    <None Include="reqdmmi.asm">
      <Filter>DMMI Client</Filter>
    </None>
    <None Include="mdebugcore.asm">
      <Filter>MDebug</Filter>
    </None>
    <None Include="vdisplay.asm">
      <Filter>VDebug</Filter>
    </None>
    <None Include="runx.bat">
      <Filter>Configuration</Filter>
    </None>
    <None Include="dpmic.asm">
      <Filter>DPMI Client</Filter>
    </None>
    <None Include="switcher\switcher.mk1">
      <Filter>Switcher</Filter>
    </None>
    <None Include="switcher\switcher.wpj">
      <Filter>Switcher</Filter>
    </None>
    <None Include="switcher\main.cpp">
      <Filter>Switcher</Filter>
    </None>
  </ItemGroup>
  <ItemGroup>
    <Text Include="dis\main.c">
      <Filter>16 bit code</Filter>
    </Text>
  </ItemGroup>
</Project>