<?xml version="1.0" encoding="utf-8"?>
<Project ToolsVersion="4.0" xmlns="http://schemas.microsoft.com/developer/msbuild/2003">
  <ItemGroup>
    <Filter Include="Configuration">
      <UniqueIdentifier>{f5fc6a1f-afcd-4e0e-999a-4740cb3500c2}</UniqueIdentifier>
    </Filter>
    <Filter Include="Data">
      <UniqueIdentifier>{f2ee1441-75fc-48c0-baec-44f7ad5f153f}</UniqueIdentifier>
    </Filter>
    <Filter Include="32 bit code">
      <UniqueIdentifier>{05819406-8f59-4c3a-a88d-6638e01bd070}</UniqueIdentifier>
    </Filter>
    <Filter Include="16 bit code">
      <UniqueIdentifier>{4FC737F1-C7A5-4376-A066-2A32D752A2FF}</UniqueIdentifier>
      <Extensions>cpp;c;cc;cxx;def;odl;idl;hpj;bat;asm;asmx</Extensions>
    </Filter>
    <Filter Include="64 bit code">
      <UniqueIdentifier>{1f5ef5e6-1cd9-452e-b6d1-e803a1a2e812}</UniqueIdentifier>
    </Filter>
    <Filter Include="VMX">
      <UniqueIdentifier>{afcf05b5-c2b1-49a3-8071-f968b4c3965c}</UniqueIdentifier>
    </Filter>
  </ItemGroup>
  <ItemGroup>
    <CustomBuild Include="entry.asm">
      <Filter>16 bit code</Filter>
    </CustomBuild>
  </ItemGroup>
  <ItemGroup>
    <None Include="code16.asm">
      <Filter>16 bit code</Filter>
    </None>
    <None Include="a20.asm">
      <Filter>16 bit code</Filter>
    </None>
    <None Include="gdt.asm">
      <Filter>16 bit code</Filter>
    </None>
    <None Include="idt.asm">
      <Filter>16 bit code</Filter>
    </None>
    <None Include="bochsrc.bxrc">
      <Filter>Configuration</Filter>
    </None>
    <None Include="build.bat">
      <Filter>Configuration</Filter>
    </None>
    <None Include="data16.asm">
      <Filter>Data</Filter>
    </None>
    <None Include="data32.asm">
      <Filter>Data</Filter>
    </None>
    <None Include="data64.asm">
      <Filter>Data</Filter>
    </None>
    <None Include="struct.asm">
      <Filter>Data</Filter>
    </None>
    <None Include="Readme.md">
      <Filter>Configuration</Filter>
    </None>
    <None Include="iso.ps1">
      <Filter>Configuration</Filter>
    </None>
    <None Include="vm.vmx">
      <Filter>Configuration</Filter>
    </None>
    <None Include="code32.asm">
      <Filter>32 bit code</Filter>
    </None>
    <None Include="code64.asm">
      <Filter>64 bit code</Filter>
    </None>
    <None Include="stack16.asm">
      <Filter>Data</Filter>
    </None>
    <None Include="stack32.asm">
      <Filter>Data</Filter>
    </None>
    <None Include="stack64.asm">
      <Filter>Data</Filter>
    </None>
    <None Include="page32.asm">
      <Filter>32 bit code</Filter>
    </None>
    <None Include="startvbox.bat">
      <Filter>Configuration</Filter>
    </None>
    <None Include="startvmware.bat">
      <Filter>Configuration</Filter>
    </None>
    <None Include="startbochs.bat">
      <Filter>Configuration</Filter>
    </None>
    <None Include="asmtest.vbox">
      <Filter>Configuration</Filter>
    </None>
    <None Include="acpi16.asm">
      <Filter>16 bit code</Filter>
    </None>
    <None Include="unreal.asm">
      <Filter>16 bit code</Filter>
    </None>
    <None Include="mutex16.asm">
      <Filter>16 bit code</Filter>
    </None>
    <None Include="thread16.asm">
      <Filter>16 bit code</Filter>
    </None>
    <None Include="config.asm">
      <Filter>Configuration</Filter>
    </None>
    <None Include="acpi32.asm">
      <Filter>32 bit code</Filter>
    </None>
    <None Include="mutex32.asm">
      <Filter>32 bit code</Filter>
    </None>
    <None Include="mutex64.asm">
      <Filter>64 bit code</Filter>
    </None>
    <None Include="acpi64.asm">
      <Filter>64 bit code</Filter>
    </None>
    <None Include="dos32.asm">
      <Filter>16 bit code</Filter>
    </None>
    <None Include="thread32.asm">
      <Filter>32 bit code</Filter>
    </None>
    <None Include="thread64.asm">
      <Filter>64 bit code</Filter>
    </None>
    <None Include="page16.asm">
      <Filter>16 bit code</Filter>
    </None>
    <None Include="vmxhost64.asm">
      <Filter>VMX</Filter>
    </None>
    <None Include="guest16.asm">
      <Filter>16 bit code</Filter>
    </None>
    <None Include="guest32.asm">
      <Filter>32 bit code</Filter>
    </None>
  </ItemGroup>
</Project>