<?xml version="1.0" encoding="utf-8"?>
<Project ToolsVersion="4.0" xmlns="http://schemas.microsoft.com/developer/msbuild/2003">
  <ItemGroup>
    <Filter Include="Configuration">
      <UniqueIdentifier>{f5fc6a1f-afcd-4e0e-999a-4740cb3500c2}</UniqueIdentifier>
    </Filter>
    <Filter Include="Stack">
      <UniqueIdentifier>{a554207f-bb3e-495f-aef3-454868ee91b7}</UniqueIdentifier>
    </Filter>
    <Filter Include="Data">
      <UniqueIdentifier>{f2ee1441-75fc-48c0-baec-44f7ad5f153f}</UniqueIdentifier>
    </Filter>
    <Filter Include="Code">
      <UniqueIdentifier>{4FC737F1-C7A5-4376-A066-2A32D752A2FF}</UniqueIdentifier>
      <Extensions>cpp;c;cc;cxx;def;odl;idl;hpj;bat;asm;asmx</Extensions>
    </Filter>
  </ItemGroup>
  <ItemGroup>
    <CustomBuild Include="entry.asm">
      <Filter>Code</Filter>
    </CustomBuild>
  </ItemGroup>
  <ItemGroup>
    <None Include="code16.asm">
      <Filter>Code</Filter>
    </None>
    <None Include="a20.asm">
      <Filter>Code</Filter>
    </None>
    <None Include="gdt.asm">
      <Filter>Code</Filter>
    </None>
    <None Include="code32.asm">
      <Filter>Code</Filter>
    </None>
    <None Include="idt.asm">
      <Filter>Code</Filter>
    </None>
    <None Include="bochsrc.bxrc">
      <Filter>Configuration</Filter>
    </None>
    <None Include="build.bat">
      <Filter>Configuration</Filter>
    </None>
    <None Include="code64.asm">
      <Filter>Code</Filter>
    </None>
    <None Include="stack16.asm">
      <Filter>Stack</Filter>
    </None>
    <None Include="stack32.asm">
      <Filter>Stack</Filter>
    </None>
    <None Include="stack64.asm">
      <Filter>Stack</Filter>
    </None>
    <None Include="data16.asm">
      <Filter>Data</Filter>
    </None>
    <None Include="data32.asm">
      <Filter>Data</Filter>
    </None>
    <None Include="data64.asm">
      <Filter>Data</Filter>
    </None>
    <None Include="struct.asm">
      <Filter>Data</Filter>
    </None>
    <None Include="page.asm">
      <Filter>Code</Filter>
    </None>
    <None Include="Readme.md">
      <Filter>Configuration</Filter>
    </None>
    <None Include="iso.ps1">
      <Filter>Configuration</Filter>
    </None>
    <None Include="vm.vmx">
      <Filter>Configuration</Filter>
    </None>
  </ItemGroup>
</Project>